
Microsoft Visual Studio Solution File, Format Version 12.00
# Visual Studio Version 17
VisualStudioVersion = 17.7.34018.315
MinimumVisualStudioVersion = 10.0.40219.1
Project("{FAE04EC0-301F-11D3-BF4B-00C04F79EFBC}") = "AufgabenG", "AufgabenG\AufgabenG.csproj", "{206F2E2A-30B5-4291-A177-A030456AEDF8}"
EndProject
Global
	GlobalSection(SolutionConfigurationPlatforms) = preSolution
		Debug|Any CPU = Debug|Any CPU
		Release|Any CPU = Release|Any CPU
	EndGlobalSection
	GlobalSection(ProjectConfigurationPlatforms) = postSolution
		{206F2E2A-30B5-4291-A177-A030456AEDF8}.Debug|Any CPU.ActiveCfg = Debug|Any CPU
		{206F2E2A-30B5-4291-A177-A030456AEDF8}.Debug|Any CPU.Build.0 = Debug|Any CPU
		{206F2E2A-30B5-4291-A177-A030456AEDF8}.Release|Any CPU.ActiveCfg = Release|Any CPU
		{206F2E2A-30B5-4291-A177-A030456AEDF8}.Release|Any CPU.Build.0 = Release|Any CPU
	EndGlobalSection
	GlobalSection(SolutionProperties) = preSolution
		HideSolutionNode = FALSE
	EndGlobalSection
	GlobalSection(ExtensibilityGlobals) = postSolution
		SolutionGuid = {1B796556-3DD4-4CB0-BD53-D19CF2F59FE1}
	EndGlobalSection
EndGlobal
